
Microsoft Visual Studio Solution File, Format Version 12.00
# Visual Studio Version 16
VisualStudioVersion = 16.0.29509.3
MinimumVisualStudioVersion = 10.0.40219.1
Project("{FAE04EC0-301F-11D3-BF4B-00C04F79EFBC}") = "ACM.BL", "ACM.BL\ACM.BL.csproj", "{B3644E42-371E-4141-B35B-23C78B73C7DD}"
EndProject
Project("{2150E333-8FDC-42A3-9474-1A3956D46DE8}") = "Tests", "Tests", "{72612306-044E-4312-B517-CF4CBE1644D5}"
EndProject
Project("{FAE04EC0-301F-11D3-BF4B-00C04F79EFBC}") = "ACM.BLTest", "Tests\ACM.BLTest\ACM.BLTest.csproj", "{5CB3107A-F6F5-4F4F-9C86-B882562094A9}"
EndProject
Global
	GlobalSection(SolutionConfigurationPlatforms) = preSolution
		Debug|Any CPU = Debug|Any CPU
		Release|Any CPU = Release|Any CPU
	EndGlobalSection
	GlobalSection(ProjectConfigurationPlatforms) = postSolution
		{B3644E42-371E-4141-B35B-23C78B73C7DD}.Debug|Any CPU.ActiveCfg = Debug|Any CPU
		{B3644E42-371E-4141-B35B-23C78B73C7DD}.Debug|Any CPU.Build.0 = Debug|Any CPU
		{B3644E42-371E-4141-B35B-23C78B73C7DD}.Release|Any CPU.ActiveCfg = Release|Any CPU
		{B3644E42-371E-4141-B35B-23C78B73C7DD}.Release|Any CPU.Build.0 = Release|Any CPU
		{5CB3107A-F6F5-4F4F-9C86-B882562094A9}.Debug|Any CPU.ActiveCfg = Debug|Any CPU
		{5CB3107A-F6F5-4F4F-9C86-B882562094A9}.Debug|Any CPU.Build.0 = Debug|Any CPU
		{5CB3107A-F6F5-4F4F-9C86-B882562094A9}.Release|Any CPU.ActiveCfg = Release|Any CPU
		{5CB3107A-F6F5-4F4F-9C86-B882562094A9}.Release|Any CPU.Build.0 = Release|Any CPU
	EndGlobalSection
	GlobalSection(SolutionProperties) = preSolution
		HideSolutionNode = FALSE
	EndGlobalSection
	GlobalSection(NestedProjects) = preSolution
		{5CB3107A-F6F5-4F4F-9C86-B882562094A9} = {72612306-044E-4312-B517-CF4CBE1644D5}
	EndGlobalSection
	GlobalSection(ExtensibilityGlobals) = postSolution
		SolutionGuid = {4A8CA2DC-F88E-4D29-9043-78FAC7BAE963}
	EndGlobalSection
EndGlobal
